<?xml version="1.0" encoding="utf-8"?>
<Project ToolsVersion="4.0" xmlns="http://schemas.microsoft.com/developer/msbuild/2003">
  <ItemGroup>
    <Filter Include="Source Files">
      <UniqueIdentifier>{4FC737F1-C7A5-4376-A066-2A32D752A2FF}</UniqueIdentifier>
      <Extensions>cpp;c;cc;cxx;def;odl;idl;hpj;bat;asm;asmx</Extensions>
    </Filter>
    <Filter Include="Header Files">
      <UniqueIdentifier>{93995380-89BD-4b04-88EB-625FBE52EBFB}</UniqueIdentifier>
      <Extensions>h;hh;hpp;hxx;hm;inl;inc;xsd</Extensions>
    </Filter>
    <Filter Include="Resource Files">
      <UniqueIdentifier>{67DA6AB6-F800-4c08-8B7A-83BB121AAD01}</UniqueIdentifier>
      <Extensions>rc;ico;cur;bmp;dlg;rc2;rct;bin;rgs;gif;jpg;jpeg;jpe;resx;tiff;tif;png;wav;mfcribbon-ms</Extensions>
    </Filter>
  </ItemGroup>
  <ItemGroup>
    <ClInclude Include="stdafx.h">
      <Filter>Header Files</Filter>
    </ClInclude>
    <ClInclude Include="targetver.h">
      <Filter>Header Files</Filter>
    </ClInclude>
    <ClInclude Include="resource.h">
      <Filter>Header Files</Filter>
    </ClInclude>
    <ClInclude Include="gui.h">
      <Filter>Header Files</Filter>
    </ClInclude>
    <ClInclude Include="bgeval.h">
      <Filter>Header Files</Filter>
    </ClInclude>
    <ClInclude Include="pubeval.h">
      <Filter>Header Files</Filter>
    </ClInclude>
  </ItemGroup>
  <ItemGroup>
    <ClCompile Include="stdafx.cpp">
      <Filter>Source Files</Filter>
    </ClCompile>
    <ClCompile Include="gui.cpp">
      <Filter>Source Files</Filter>
    </ClCompile>
    <ClCompile Include="paint.cpp">
      <Filter>Source Files</Filter>
    </ClCompile>
    <ClCompile Include="bgboard.cpp">
      <Filter>Source Files</Filter>
    </ClCompile>
    <ClCompile Include="myutils.cpp">
      <Filter>Source Files</Filter>
    </ClCompile>
    <ClCompile Include="gnubg_hacks.cpp">
      <Filter>Source Files</Filter>
    </ClCompile>
    <ClCompile Include="feats.cpp">
      <Filter>Source Files</Filter>
    </ClCompile>
    <ClCompile Include="cmdline.cpp">
      <Filter>Source Files</Filter>
    </ClCompile>
    <ClCompile Include="pubeval.cpp">
      <Filter>Source Files</Filter>
    </ClCompile>
    <ClCompile Include="pubeval_data.cpp">
      <Filter>Source Files</Filter>
    </ClCompile>
    <ClCompile Include="bgeval_gui.cpp">
      <Filter>Source Files</Filter>
    </ClCompile>
    <ClCompile Include="selfplay.cpp">
      <Filter>Source Files</Filter>
    </ClCompile>
    <ClCompile Include="gui_game.cpp">
      <Filter>Source Files</Filter>
    </ClCompile>
    <ClCompile Include="bestnn.cpp">
      <Filter>Source Files</Filter>
    </ClCompile>
    <ClCompile Include="nn.cpp">
      <Filter>Source Files</Filter>
    </ClCompile>
    <ClCompile Include="nnlayer.cpp">
      <Filter>Source Files</Filter>
    </ClCompile>
    <ClCompile Include="nneval.cpp">
      <Filter>Source Files</Filter>
    </ClCompile>
    <ClCompile Include="sigmoid.cpp">
      <Filter>Source Files</Filter>
    </ClCompile>
    <ClCompile Include="bgnn.cpp">
      <Filter>Source Files</Filter>
    </ClCompile>
    <ClCompile Include="backprop.cpp">
      <Filter>Source Files</Filter>
    </ClCompile>
  </ItemGroup>
  <ItemGroup>
    <ResourceCompile Include="gui.rc">
      <Filter>Resource Files</Filter>
    </ResourceCompile>
  </ItemGroup>
  <ItemGroup>
    <Image Include="small.ico">
      <Filter>Resource Files</Filter>
    </Image>
    <Image Include="gui.ico">
      <Filter>Resource Files</Filter>
    </Image>
    <Image Include="dice1.bmp">
      <Filter>Resource Files</Filter>
    </Image>
    <Image Include="dice2.bmp">
      <Filter>Resource Files</Filter>
    </Image>
    <Image Include="dice3.bmp">
      <Filter>Resource Files</Filter>
    </Image>
    <Image Include="dice4.bmp">
      <Filter>Resource Files</Filter>
    </Image>
    <Image Include="dice5.bmp">
      <Filter>Resource Files</Filter>
    </Image>
    <Image Include="dice6.bmp">
      <Filter>Resource Files</Filter>
    </Image>
    <Image Include="blackdice1.bmp">
      <Filter>Resource Files</Filter>
    </Image>
    <Image Include="blackdice2.bmp">
      <Filter>Resource Files</Filter>
    </Image>
    <Image Include="blackdice3.bmp">
      <Filter>Resource Files</Filter>
    </Image>
    <Image Include="blackdice4.bmp">
      <Filter>Resource Files</Filter>
    </Image>
    <Image Include="blackdice5.bmp">
      <Filter>Resource Files</Filter>
    </Image>
    <Image Include="blackdice6.bmp">
      <Filter>Resource Files</Filter>
    </Image>
  </ItemGroup>
</Project>