<?xml version="1.0" encoding="utf-8"?>
<Project ToolsVersion="4.0" xmlns="http://schemas.microsoft.com/developer/msbuild/2003">
  <ItemGroup>
    <Filter Include="Source Files">
      <UniqueIdentifier>{4FC737F1-C7A5-4376-A066-2A32D752A2FF}</UniqueIdentifier>
      <Extensions>cpp;c;cc;cxx;def;odl;idl;hpj;bat;asm;asmx</Extensions>
    </Filter>
    <Filter Include="Header Files">
      <UniqueIdentifier>{93995380-89BD-4b04-88EB-625FBE52EBFB}</UniqueIdentifier>
      <Extensions>h;hh;hpp;hxx;hm;inl;inc;xsd</Extensions>
    </Filter>
  </ItemGroup>
  <ItemGroup>
    <ClInclude Include="backprop.h">
      <Filter>Header Files</Filter>
    </ClInclude>
    <ClInclude Include="bgboard.h">
      <Filter>Header Files</Filter>
    </ClInclude>
    <ClInclude Include="bgeval.h">
      <Filter>Header Files</Filter>
    </ClInclude>
    <ClInclude Include="bgeval1.h">
      <Filter>Header Files</Filter>
    </ClInclude>
    <ClInclude Include="bgnn.h">
      <Filter>Header Files</Filter>
    </ClInclude>
    <ClInclude Include="bna.h">
      <Filter>Header Files</Filter>
    </ClInclude>
    <ClInclude Include="bnas.h">
      <Filter>Header Files</Filter>
    </ClInclude>
    <ClInclude Include="cmd.h">
      <Filter>Header Files</Filter>
    </ClInclude>
    <ClInclude Include="cmds.h">
      <Filter>Header Files</Filter>
    </ClInclude>
    <ClInclude Include="gnudb.h">
      <Filter>Header Files</Filter>
    </ClInclude>
    <ClInclude Include="mymx.h">
      <Filter>Header Files</Filter>
    </ClInclude>
    <ClInclude Include="myopts.h">
      <Filter>Header Files</Filter>
    </ClInclude>
    <ClInclude Include="myutils.h">
      <Filter>Header Files</Filter>
    </ClInclude>
    <ClInclude Include="myvec.h">
      <Filter>Header Files</Filter>
    </ClInclude>
    <ClInclude Include="nn.h">
      <Filter>Header Files</Filter>
    </ClInclude>
    <ClInclude Include="nneval.h">
      <Filter>Header Files</Filter>
    </ClInclude>
    <ClInclude Include="nnio.h">
      <Filter>Header Files</Filter>
    </ClInclude>
    <ClInclude Include="nnis.h">
      <Filter>Header Files</Filter>
    </ClInclude>
    <ClInclude Include="nnlayer.h">
      <Filter>Header Files</Filter>
    </ClInclude>
    <ClInclude Include="nnos.h">
      <Filter>Header Files</Filter>
    </ClInclude>
    <ClInclude Include="pubeval.h">
      <Filter>Header Files</Filter>
    </ClInclude>
    <ClInclude Include="quarts.h">
      <Filter>Header Files</Filter>
    </ClInclude>
    <ClInclude Include="randev.h">
      <Filter>Header Files</Filter>
    </ClInclude>
    <ClInclude Include="sliv.h">
      <Filter>Header Files</Filter>
    </ClInclude>
    <ClInclude Include="sort.h">
      <Filter>Header Files</Filter>
    </ClInclude>
    <ClInclude Include="svnversion.h">
      <Filter>Header Files</Filter>
    </ClInclude>
    <ClInclude Include="winrate.h">
      <Filter>Header Files</Filter>
    </ClInclude>
    <ClInclude Include="omplock.h">
      <Filter>Header Files</Filter>
    </ClInclude>
    <ClInclude Include="feats.h">
      <Filter>Header Files</Filter>
    </ClInclude>
    <ClInclude Include="bencher.h">
      <Filter>Header Files</Filter>
    </ClInclude>
    <ClInclude Include="selfgame.h">
      <Filter>Header Files</Filter>
    </ClInclude>
  </ItemGroup>
  <ItemGroup>
    <ClCompile Include="nneval.cpp">
      <Filter>Source Files</Filter>
    </ClCompile>
    <ClCompile Include="nnlayer.cpp">
      <Filter>Source Files</Filter>
    </ClCompile>
    <ClCompile Include="pubeval.cpp">
      <Filter>Source Files</Filter>
    </ClCompile>
    <ClCompile Include="pubeval_data.cpp">
      <Filter>Source Files</Filter>
    </ClCompile>
    <ClCompile Include="quarts.cpp">
      <Filter>Source Files</Filter>
    </ClCompile>
    <ClCompile Include="sigmoid.cpp">
      <Filter>Source Files</Filter>
    </ClCompile>
    <ClCompile Include="sliv.cpp">
      <Filter>Source Files</Filter>
    </ClCompile>
    <ClCompile Include="tdg_main.cpp">
      <Filter>Source Files</Filter>
    </ClCompile>
    <ClCompile Include="test.cpp">
      <Filter>Source Files</Filter>
    </ClCompile>
    <ClCompile Include="traintd.cpp">
      <Filter>Source Files</Filter>
    </ClCompile>
    <ClCompile Include="winrate.cpp">
      <Filter>Source Files</Filter>
    </ClCompile>
    <ClCompile Include="backprop.cpp">
      <Filter>Source Files</Filter>
    </ClCompile>
    <ClCompile Include="beatpube.cpp">
      <Filter>Source Files</Filter>
    </ClCompile>
    <ClCompile Include="bestmove.cpp">
      <Filter>Source Files</Filter>
    </ClCompile>
    <ClCompile Include="bgboard.cpp">
      <Filter>Source Files</Filter>
    </ClCompile>
    <ClCompile Include="bgeval.cpp">
      <Filter>Source Files</Filter>
    </ClCompile>
    <ClCompile Include="bgeval1.cpp">
      <Filter>Source Files</Filter>
    </ClCompile>
    <ClCompile Include="bgnn.cpp">
      <Filter>Source Files</Filter>
    </ClCompile>
    <ClCompile Include="bgsuptrain.cpp">
      <Filter>Source Files</Filter>
    </ClCompile>
    <ClCompile Include="blackmoves.cpp">
      <Filter>Source Files</Filter>
    </ClCompile>
    <ClCompile Include="cmd.cpp">
      <Filter>Source Files</Filter>
    </ClCompile>
    <ClCompile Include="cmdline.cpp">
      <Filter>Source Files</Filter>
    </ClCompile>
    <ClCompile Include="cvtgnudbs.cpp">
      <Filter>Source Files</Filter>
    </ClCompile>
    <ClCompile Include="drawpos.cpp">
      <Filter>Source Files</Filter>
    </ClCompile>
    <ClCompile Include="gnubg_hacks.cpp">
      <Filter>Source Files</Filter>
    </ClCompile>
    <ClCompile Include="gnudb.cpp">
      <Filter>Source Files</Filter>
    </ClCompile>
    <ClCompile Include="gnumove.cpp">
      <Filter>Source Files</Filter>
    </ClCompile>
    <ClCompile Include="mypube.cpp">
      <Filter>Source Files</Filter>
    </ClCompile>
    <ClCompile Include="myutils.cpp">
      <Filter>Source Files</Filter>
    </ClCompile>
    <ClCompile Include="nn.cpp">
      <Filter>Source Files</Filter>
    </ClCompile>
    <ClCompile Include="htsim.cpp">
      <Filter>Source Files</Filter>
    </ClCompile>
    <ClCompile Include="feats.cpp">
      <Filter>Source Files</Filter>
    </ClCompile>
    <ClCompile Include="startrolls.cpp">
      <Filter>Source Files</Filter>
    </ClCompile>
    <ClCompile Include="tdw.cpp">
      <Filter>Source Files</Filter>
    </ClCompile>
    <ClCompile Include="gnubench.cpp">
      <Filter>Source Files</Filter>
    </ClCompile>
    <ClCompile Include="nn2cpp.cpp">
      <Filter>Source Files</Filter>
    </ClCompile>
    <ClCompile Include="bestnn.cpp">
      <Filter>Source Files</Filter>
    </ClCompile>
    <ClCompile Include="gnumove_hack.cpp">
      <Filter>Source Files</Filter>
    </ClCompile>
    <ClCompile Include="checkbench.cpp">
      <Filter>Source Files</Filter>
    </ClCompile>
    <ClCompile Include="winsim.cpp">
      <Filter>Source Files</Filter>
    </ClCompile>
    <ClCompile Include="coinsim.cpp">
      <Filter>Source Files</Filter>
    </ClCompile>
    <ClCompile Include="matchsim.cpp">
      <Filter>Source Files</Filter>
    </ClCompile>
    <ClCompile Include="nneval_game.cpp">
      <Filter>Source Files</Filter>
    </ClCompile>
    <ClCompile Include="bencher.cpp">
      <Filter>Source Files</Filter>
    </ClCompile>
    <ClCompile Include="dobench.cpp">
      <Filter>Source Files</Filter>
    </ClCompile>
    <ClCompile Include="pubepos.cpp">
      <Filter>Source Files</Filter>
    </ClCompile>
    <ClCompile Include="selfgame.cpp">
      <Filter>Source Files</Filter>
    </ClCompile>
    <ClCompile Include="tdgame.cpp">
      <Filter>Source Files</Filter>
    </ClCompile>
  </ItemGroup>
</Project>